
Microsoft Visual Studio Solution File, Format Version 12.00
# Visual Studio Version 16
VisualStudioVersion = 16.0.32630.194
MinimumVisualStudioVersion = 10.0.40219.1
Project("{8BC9CEB8-8B4A-11D0-8D11-00A0C91BC942}") = "NetworkingEnet", "NetworkingEnet\NetworkingEnet.vcxproj", "{DDEF16B2-CE83-49E5-8555-3FF580059403}"
EndProject
Global
	GlobalSection(SolutionConfigurationPlatforms) = preSolution
		Debug|x64 = Debug|x64
		Debug|x86 = Debug|x86
		Release|x64 = Release|x64
		Release|x86 = Release|x86
	EndGlobalSection
	GlobalSection(ProjectConfigurationPlatforms) = postSolution
		{DDEF16B2-CE83-49E5-8555-3FF580059403}.Debug|x64.ActiveCfg = Debug|x64
		{DDEF16B2-CE83-49E5-8555-3FF580059403}.Debug|x64.Build.0 = Debug|x64
		{DDEF16B2-CE83-49E5-8555-3FF580059403}.Debug|x86.ActiveCfg = Debug|Win32
		{DDEF16B2-CE83-49E5-8555-3FF580059403}.Debug|x86.Build.0 = Debug|Win32
		{DDEF16B2-CE83-49E5-8555-3FF580059403}.Release|x64.ActiveCfg = Release|x64
		{DDEF16B2-CE83-49E5-8555-3FF580059403}.Release|x64.Build.0 = Release|x64
		{DDEF16B2-CE83-49E5-8555-3FF580059403}.Release|x86.ActiveCfg = Release|Win32
		{DDEF16B2-CE83-49E5-8555-3FF580059403}.Release|x86.Build.0 = Release|Win32
	EndGlobalSection
	GlobalSection(SolutionProperties) = preSolution
		HideSolutionNode = FALSE
	EndGlobalSection
	GlobalSection(ExtensibilityGlobals) = postSolution
		SolutionGuid = {E3F1F993-1EB9-4331-9FB5-07A8980D7F14}
	EndGlobalSection
EndGlobal
